// !$*UTF8*$!
{
	archiveVersion = 1;
	classes = {
	};
	objectVersion = 46;
	objects = {

/* Begin PBXBuildFile section */
		9B601AF11B5ACE9A008C2BDA /* NSData+CompressionTests.swift in Sources */ = {isa = PBXBuildFile; fileRef = 9B601AF01B5ACE9A008C2BDA /* NSData+CompressionTests.swift */; };
		9B601AFE1B5ACEBD008C2BDA /* libcompression.tbd in Frameworks */ = {isa = PBXBuildFile; fileRef = 9B601AFD1B5ACEBD008C2BDA /* libcompression.tbd */; };
		9B601B141B5ACF85008C2BDA /* NSData+Compression.swift in Sources */ = {isa = PBXBuildFile; fileRef = 9B601B131B5ACF85008C2BDA /* NSData+Compression.swift */; };
		9B601B151B5ACF85008C2BDA /* NSData+Compression.swift in Sources */ = {isa = PBXBuildFile; fileRef = 9B601B131B5ACF85008C2BDA /* NSData+Compression.swift */; };
		9B601B1B1B5ACF92008C2BDA /* TestData.lz4 in Resources */ = {isa = PBXBuildFile; fileRef = 9B601B161B5ACF92008C2BDA /* TestData.lz4 */; };
		9B601B1C1B5ACF92008C2BDA /* TestData.lz4 in Resources */ = {isa = PBXBuildFile; fileRef = 9B601B161B5ACF92008C2BDA /* TestData.lz4 */; };
		9B601B1D1B5ACF92008C2BDA /* TestData.lzfse in Resources */ = {isa = PBXBuildFile; fileRef = 9B601B171B5ACF92008C2BDA /* TestData.lzfse */; };
		9B601B1E1B5ACF92008C2BDA /* TestData.lzfse in Resources */ = {isa = PBXBuildFile; fileRef = 9B601B171B5ACF92008C2BDA /* TestData.lzfse */; };
		9B601B1F1B5ACF92008C2BDA /* TestData.lzma in Resources */ = {isa = PBXBuildFile; fileRef = 9B601B181B5ACF92008C2BDA /* TestData.lzma */; };
		9B601B201B5ACF92008C2BDA /* TestData.lzma in Resources */ = {isa = PBXBuildFile; fileRef = 9B601B181B5ACF92008C2BDA /* TestData.lzma */; };
		9B601B211B5ACF92008C2BDA /* TestData.txt in Resources */ = {isa = PBXBuildFile; fileRef = 9B601B191B5ACF92008C2BDA /* TestData.txt */; };
		9B601B221B5ACF92008C2BDA /* TestData.txt in Resources */ = {isa = PBXBuildFile; fileRef = 9B601B191B5ACF92008C2BDA /* TestData.txt */; };
		9B601B231B5ACF92008C2BDA /* TestData.zlib in Resources */ = {isa = PBXBuildFile; fileRef = 9B601B1A1B5ACF92008C2BDA /* TestData.zlib */; };
		9B601B241B5ACF92008C2BDA /* TestData.zlib in Resources */ = {isa = PBXBuildFile; fileRef = 9B601B1A1B5ACF92008C2BDA /* TestData.zlib */; };
		9B601B271B5AD09A008C2BDA /* AppDelegate.swift in Sources */ = {isa = PBXBuildFile; fileRef = 9B601B251B5AD09A008C2BDA /* AppDelegate.swift */; };
		9B601B281B5AD09A008C2BDA /* AppDelegate.swift in Sources */ = {isa = PBXBuildFile; fileRef = 9B601B251B5AD09A008C2BDA /* AppDelegate.swift */; };
		9B601B2A1B5AD09A008C2BDA /* Info.plist in Resources */ = {isa = PBXBuildFile; fileRef = 9B601B261B5AD09A008C2BDA /* Info.plist */; };
		9B601B2D1B5AD0A1008C2BDA /* MainMenu.xib in Resources */ = {isa = PBXBuildFile; fileRef = 9B601B2B1B5AD0A1008C2BDA /* MainMenu.xib */; };
		9B601B2E1B5AD0A1008C2BDA /* MainMenu.xib in Resources */ = {isa = PBXBuildFile; fileRef = 9B601B2B1B5AD0A1008C2BDA /* MainMenu.xib */; };
		9B601B2F1B5AD135008C2BDA /* libcompression.tbd in Frameworks */ = {isa = PBXBuildFile; fileRef = 9B601AFD1B5ACEBD008C2BDA /* libcompression.tbd */; };
/* End PBXBuildFile section */

/* Begin PBXContainerItemProxy section */
		9B601AED1B5ACE9A008C2BDA /* PBXContainerItemProxy */ = {
			isa = PBXContainerItemProxy;
			containerPortal = 9B601AD51B5ACE9A008C2BDA /* Project object */;
			proxyType = 1;
			remoteGlobalIDString = 9B601ADC1B5ACE9A008C2BDA;
			remoteInfo = "NSData+Compression";
		};
/* End PBXContainerItemProxy section */

/* Begin PBXFileReference section */
		9B601ADD1B5ACE9A008C2BDA /* Data+Compression.app */ = {isa = PBXFileReference; explicitFileType = wrapper.application; includeInIndex = 0; path = "Data+Compression.app"; sourceTree = BUILT_PRODUCTS_DIR; };
		9B601AEC1B5ACE9A008C2BDA /* Data+CompressionTests.xctest */ = {isa = PBXFileReference; explicitFileType = wrapper.cfbundle; includeInIndex = 0; path = "Data+CompressionTests.xctest"; sourceTree = BUILT_PRODUCTS_DIR; };
		9B601AF01B5ACE9A008C2BDA /* NSData+CompressionTests.swift */ = {isa = PBXFileReference; lastKnownFileType = sourcecode.swift; path = "NSData+CompressionTests.swift"; sourceTree = "<group>"; };
		9B601AF21B5ACE9A008C2BDA /* Info.plist */ = {isa = PBXFileReference; lastKnownFileType = text.plist.xml; path = Info.plist; sourceTree = "<group>"; };
		9B601AFD1B5ACEBD008C2BDA /* libcompression.tbd */ = {isa = PBXFileReference; lastKnownFileType = "sourcecode.text-based-dylib-definition"; name = libcompression.tbd; path = usr/lib/libcompression.tbd; sourceTree = SDKROOT; };
		9B601B131B5ACF85008C2BDA /* NSData+Compression.swift */ = {isa = PBXFileReference; fileEncoding = 4; lastKnownFileType = sourcecode.swift; name = "NSData+Compression.swift"; path = "NSData+Compression/NSData+Compression.swift"; sourceTree = "<group>"; };
		9B601B161B5ACF92008C2BDA /* TestData.lz4 */ = {isa = PBXFileReference; lastKnownFileType = file; name = TestData.lz4; path = TestData/TestData.lz4; sourceTree = "<group>"; };
		9B601B171B5ACF92008C2BDA /* TestData.lzfse */ = {isa = PBXFileReference; lastKnownFileType = file; name = TestData.lzfse; path = TestData/TestData.lzfse; sourceTree = "<group>"; };
		9B601B181B5ACF92008C2BDA /* TestData.lzma */ = {isa = PBXFileReference; lastKnownFileType = file; name = TestData.lzma; path = TestData/TestData.lzma; sourceTree = "<group>"; };
		9B601B191B5ACF92008C2BDA /* TestData.txt */ = {isa = PBXFileReference; fileEncoding = 4; lastKnownFileType = text; name = TestData.txt; path = TestData/TestData.txt; sourceTree = "<group>"; };
		9B601B1A1B5ACF92008C2BDA /* TestData.zlib */ = {isa = PBXFileReference; lastKnownFileType = file; name = TestData.zlib; path = TestData/TestData.zlib; sourceTree = "<group>"; };
		9B601B251B5AD09A008C2BDA /* AppDelegate.swift */ = {isa = PBXFileReference; fileEncoding = 4; lastKnownFileType = sourcecode.swift; name = AppDelegate.swift; path = "../NSData+CompressionTests/DummyApp/AppDelegate.swift"; sourceTree = "<group>"; };
		9B601B261B5AD09A008C2BDA /* Info.plist */ = {isa = PBXFileReference; fileEncoding = 4; lastKnownFileType = text.plist.xml; name = Info.plist; path = "../NSData+CompressionTests/DummyApp/Info.plist"; sourceTree = "<group>"; };
		9B601B2C1B5AD0A1008C2BDA /* Base */ = {isa = PBXFileReference; lastKnownFileType = file.xib; name = Base; path = "NSData+CompressionTests/DummyApp/Base.lproj/MainMenu.xib"; sourceTree = SOURCE_ROOT; };
/* End PBXFileReference section */

/* Begin PBXFrameworksBuildPhase section */
		9B601ADA1B5ACE9A008C2BDA /* Frameworks */ = {
			isa = PBXFrameworksBuildPhase;
			buildActionMask = 2147483647;
			files = (
				9B601AFE1B5ACEBD008C2BDA /* libcompression.tbd in Frameworks */,
			);
			runOnlyForDeploymentPostprocessing = 0;
		};
		9B601AE91B5ACE9A008C2BDA /* Frameworks */ = {
			isa = PBXFrameworksBuildPhase;
			buildActionMask = 2147483647;
			files = (
				9B601B2F1B5AD135008C2BDA /* libcompression.tbd in Frameworks */,
			);
			runOnlyForDeploymentPostprocessing = 0;
		};
/* End PBXFrameworksBuildPhase section */

/* Begin PBXGroup section */
		9B601AD41B5ACE9A008C2BDA = {
			isa = PBXGroup;
			children = (
				9B601B0E1B5ACEE3008C2BDA /* NSData+Compression */,
				9B601AEF1B5ACE9A008C2BDA /* NSData+CompressionTests */,
				9B601ADE1B5ACE9A008C2BDA /* Products */,
			);
			sourceTree = "<group>";
		};
		9B601ADE1B5ACE9A008C2BDA /* Products */ = {
			isa = PBXGroup;
			children = (
				9B601ADD1B5ACE9A008C2BDA /* Data+Compression.app */,
				9B601AEC1B5ACE9A008C2BDA /* Data+CompressionTests.xctest */,
			);
			name = Products;
			sourceTree = "<group>";
		};
		9B601ADF1B5ACE9A008C2BDA /* Dummy App */ = {
			isa = PBXGroup;
			children = (
				9B601B251B5AD09A008C2BDA /* AppDelegate.swift */,
				9B601B2B1B5AD0A1008C2BDA /* MainMenu.xib */,
				9B601B261B5AD09A008C2BDA /* Info.plist */,
			);
			name = "Dummy App";
			path = "../NSData+Compression";
			sourceTree = "<group>";
		};
		9B601AEF1B5ACE9A008C2BDA /* NSData+CompressionTests */ = {
			isa = PBXGroup;
			children = (
				9B601AF01B5ACE9A008C2BDA /* NSData+CompressionTests.swift */,
				9B601AFB1B5ACEA7008C2BDA /* TestData */,
				9B601B121B5ACF04008C2BDA /* Supporting Files */,
			);
			path = "NSData+CompressionTests";
			sourceTree = "<group>";
		};
		9B601AFB1B5ACEA7008C2BDA /* TestData */ = {
			isa = PBXGroup;
			children = (
				9B601B191B5ACF92008C2BDA /* TestData.txt */,
				9B601B161B5ACF92008C2BDA /* TestData.lz4 */,
				9B601B1A1B5ACF92008C2BDA /* TestData.zlib */,
				9B601B181B5ACF92008C2BDA /* TestData.lzma */,
				9B601B171B5ACF92008C2BDA /* TestData.lzfse */,
			);
			name = TestData;
			path = ..;
			sourceTree = "<group>";
		};
		9B601AFC1B5ACEB0008C2BDA /* Frameworks */ = {
			isa = PBXGroup;
			children = (
				9B601AFD1B5ACEBD008C2BDA /* libcompression.tbd */,
			);
			name = Frameworks;
			sourceTree = "<group>";
		};
		9B601B0E1B5ACEE3008C2BDA /* NSData+Compression */ = {
			isa = PBXGroup;
			children = (
				9B601B131B5ACF85008C2BDA /* NSData+Compression.swift */,
				9B601AFC1B5ACEB0008C2BDA /* Frameworks */,
			);
			name = "NSData+Compression";
			sourceTree = "<group>";
		};
		9B601B121B5ACF04008C2BDA /* Supporting Files */ = {
			isa = PBXGroup;
			children = (
				9B601ADF1B5ACE9A008C2BDA /* Dummy App */,
				9B601AF21B5ACE9A008C2BDA /* Info.plist */,
			);
			name = "Supporting Files";
			sourceTree = "<group>";
		};
/* End PBXGroup section */

/* Begin PBXNativeTarget section */
		9B601ADC1B5ACE9A008C2BDA /* Data+Compression */ = {
			isa = PBXNativeTarget;
			buildConfigurationList = 9B601AF51B5ACE9A008C2BDA /* Build configuration list for PBXNativeTarget "Data+Compression" */;
			buildPhases = (
				9B601AD91B5ACE9A008C2BDA /* Sources */,
				9B601ADA1B5ACE9A008C2BDA /* Frameworks */,
				9B601ADB1B5ACE9A008C2BDA /* Resources */,
			);
			buildRules = (
			);
			dependencies = (
			);
			name = "Data+Compression";
			productName = "NSData+Compression";
			productReference = 9B601ADD1B5ACE9A008C2BDA /* Data+Compression.app */;
			productType = "com.apple.product-type.application";
		};
		9B601AEB1B5ACE9A008C2BDA /* Data+CompressionTests */ = {
			isa = PBXNativeTarget;
			buildConfigurationList = 9B601AF81B5ACE9A008C2BDA /* Build configuration list for PBXNativeTarget "Data+CompressionTests" */;
			buildPhases = (
				9B601AE81B5ACE9A008C2BDA /* Sources */,
				9B601AE91B5ACE9A008C2BDA /* Frameworks */,
				9B601AEA1B5ACE9A008C2BDA /* Resources */,
			);
			buildRules = (
			);
			dependencies = (
				9B601AEE1B5ACE9A008C2BDA /* PBXTargetDependency */,
			);
			name = "Data+CompressionTests";
			productName = "NSData+CompressionTests";
			productReference = 9B601AEC1B5ACE9A008C2BDA /* Data+CompressionTests.xctest */;
			productType = "com.apple.product-type.bundle.unit-test";
		};
/* End PBXNativeTarget section */

/* Begin PBXProject section */
		9B601AD51B5ACE9A008C2BDA /* Project object */ = {
			isa = PBXProject;
			attributes = {
				LastUpgradeCheck = 0800;
				ORGANIZATIONNAME = "Lee Morgan";
				TargetAttributes = {
					9B601ADC1B5ACE9A008C2BDA = {
						CreatedOnToolsVersion = 7.0;
						LastSwiftMigration = 0800;
					};
					9B601AEB1B5ACE9A008C2BDA = {
						CreatedOnToolsVersion = 7.0;
						LastSwiftMigration = 0800;
						TestTargetID = 9B601ADC1B5ACE9A008C2BDA;
					};
				};
			};
			buildConfigurationList = 9B601AD81B5ACE9A008C2BDA /* Build configuration list for PBXProject "Data+Compression" */;
			compatibilityVersion = "Xcode 3.2";
			developmentRegion = English;
			hasScannedForEncodings = 0;
			knownRegions = (
				en,
				Base,
			);
			mainGroup = 9B601AD41B5ACE9A008C2BDA;
			productRefGroup = 9B601ADE1B5ACE9A008C2BDA /* Products */;
			projectDirPath = "";
			projectRoot = "";
			targets = (
				9B601ADC1B5ACE9A008C2BDA /* Data+Compression */,
				9B601AEB1B5ACE9A008C2BDA /* Data+CompressionTests */,
			);
		};
/* End PBXProject section */

/* Begin PBXResourcesBuildPhase section */
		9B601ADB1B5ACE9A008C2BDA /* Resources */ = {
			isa = PBXResourcesBuildPhase;
			buildActionMask = 2147483647;
			files = (
				9B601B1B1B5ACF92008C2BDA /* TestData.lz4 in Resources */,
				9B601B211B5ACF92008C2BDA /* TestData.txt in Resources */,
				9B601B1F1B5ACF92008C2BDA /* TestData.lzma in Resources */,
				9B601B231B5ACF92008C2BDA /* TestData.zlib in Resources */,
				9B601B1D1B5ACF92008C2BDA /* TestData.lzfse in Resources */,
				9B601B2D1B5AD0A1008C2BDA /* MainMenu.xib in Resources */,
			);
			runOnlyForDeploymentPostprocessing = 0;
		};
		9B601AEA1B5ACE9A008C2BDA /* Resources */ = {
			isa = PBXResourcesBuildPhase;
			buildActionMask = 2147483647;
			files = (
				9B601B221B5ACF92008C2BDA /* TestData.txt in Resources */,
				9B601B1E1B5ACF92008C2BDA /* TestData.lzfse in Resources */,
				9B601B2A1B5AD09A008C2BDA /* Info.plist in Resources */,
				9B601B201B5ACF92008C2BDA /* TestData.lzma in Resources */,
				9B601B241B5ACF92008C2BDA /* TestData.zlib in Resources */,
				9B601B2E1B5AD0A1008C2BDA /* MainMenu.xib in Resources */,
				9B601B1C1B5ACF92008C2BDA /* TestData.lz4 in Resources */,
			);
			runOnlyForDeploymentPostprocessing = 0;
		};
/* End PBXResourcesBuildPhase section */

/* Begin PBXSourcesBuildPhase section */
		9B601AD91B5ACE9A008C2BDA /* Sources */ = {
			isa = PBXSourcesBuildPhase;
			buildActionMask = 2147483647;
			files = (
				9B601B271B5AD09A008C2BDA /* AppDelegate.swift in Sources */,
				9B601B141B5ACF85008C2BDA /* NSData+Compression.swift in Sources */,
			);
			runOnlyForDeploymentPostprocessing = 0;
		};
		9B601AE81B5ACE9A008C2BDA /* Sources */ = {
			isa = PBXSourcesBuildPhase;
			buildActionMask = 2147483647;
			files = (
				9B601B281B5AD09A008C2BDA /* AppDelegate.swift in Sources */,
				9B601AF11B5ACE9A008C2BDA /* NSData+CompressionTests.swift in Sources */,
				9B601B151B5ACF85008C2BDA /* NSData+Compression.swift in Sources */,
			);
			runOnlyForDeploymentPostprocessing = 0;
		};
/* End PBXSourcesBuildPhase section */

/* Begin PBXTargetDependency section */
		9B601AEE1B5ACE9A008C2BDA /* PBXTargetDependency */ = {
			isa = PBXTargetDependency;
			target = 9B601ADC1B5ACE9A008C2BDA /* Data+Compression */;
			targetProxy = 9B601AED1B5ACE9A008C2BDA /* PBXContainerItemProxy */;
		};
/* End PBXTargetDependency section */

/* Begin PBXVariantGroup section */
		9B601B2B1B5AD0A1008C2BDA /* MainMenu.xib */ = {
			isa = PBXVariantGroup;
			children = (
				9B601B2C1B5AD0A1008C2BDA /* Base */,
			);
			name = MainMenu.xib;
			sourceTree = "<group>";
		};
/* End PBXVariantGroup section */

/* Begin XCBuildConfiguration section */
		9B601AF31B5ACE9A008C2BDA /* Debug */ = {
			isa = XCBuildConfiguration;
			buildSettings = {
				ALWAYS_SEARCH_USER_PATHS = NO;
				CLANG_CXX_LANGUAGE_STANDARD = "gnu++0x";
				CLANG_CXX_LIBRARY = "libc++";
				CLANG_ENABLE_MODULES = YES;
				CLANG_ENABLE_OBJC_ARC = YES;
				CLANG_WARN_BOOL_CONVERSION = YES;
				CLANG_WARN_CONSTANT_CONVERSION = YES;
				CLANG_WARN_DIRECT_OBJC_ISA_USAGE = YES_ERROR;
				CLANG_WARN_EMPTY_BODY = YES;
				CLANG_WARN_ENUM_CONVERSION = YES;
				CLANG_WARN_INFINITE_RECURSION = YES;
				CLANG_WARN_INT_CONVERSION = YES;
				CLANG_WARN_OBJC_ROOT_CLASS = YES_ERROR;
				CLANG_WARN_SUSPICIOUS_MOVE = YES;
				CLANG_WARN_UNREACHABLE_CODE = YES;
				CLANG_WARN__DUPLICATE_METHOD_MATCH = YES;
				CODE_SIGN_IDENTITY = "-";
				COPY_PHASE_STRIP = NO;
				DEBUG_INFORMATION_FORMAT = dwarf;
				ENABLE_STRICT_OBJC_MSGSEND = YES;
				ENABLE_TESTABILITY = YES;
				GCC_C_LANGUAGE_STANDARD = gnu99;
				GCC_DYNAMIC_NO_PIC = NO;
				GCC_NO_COMMON_BLOCKS = YES;
				GCC_OPTIMIZATION_LEVEL = 0;
				GCC_PREPROCESSOR_DEFINITIONS = (
					"DEBUG=1",
					"$(inherited)",
				);
				GCC_WARN_64_TO_32_BIT_CONVERSION = YES;
				GCC_WARN_ABOUT_RETURN_TYPE = YES_ERROR;
				GCC_WARN_UNDECLARED_SELECTOR = YES;
				GCC_WARN_UNINITIALIZED_AUTOS = YES_AGGRESSIVE;
				GCC_WARN_UNUSED_FUNCTION = YES;
				GCC_WARN_UNUSED_VARIABLE = YES;
				MACOSX_DEPLOYMENT_TARGET = 10.11;
				MTL_ENABLE_DEBUG_INFO = YES;
				ONLY_ACTIVE_ARCH = YES;
				SDKROOT = macosx;
				SWIFT_OPTIMIZATION_LEVEL = "-Onone";
			};
			name = Debug;
		};
		9B601AF41B5ACE9A008C2BDA /* Release */ = {
			isa = XCBuildConfiguration;
			buildSettings = {
				ALWAYS_SEARCH_USER_PATHS = NO;
				CLANG_CXX_LANGUAGE_STANDARD = "gnu++0x";
				CLANG_CXX_LIBRARY = "libc++";
				CLANG_ENABLE_MODULES = YES;
				CLANG_ENABLE_OBJC_ARC = YES;
				CLANG_WARN_BOOL_CONVERSION = YES;
				CLANG_WARN_CONSTANT_CONVERSION = YES;
				CLANG_WARN_DIRECT_OBJC_ISA_USAGE = YES_ERROR;
				CLANG_WARN_EMPTY_BODY = YES;
				CLANG_WARN_ENUM_CONVERSION = YES;
				CLANG_WARN_INFINITE_RECURSION = YES;
				CLANG_WARN_INT_CONVERSION = YES;
				CLANG_WARN_OBJC_ROOT_CLASS = YES_ERROR;
				CLANG_WARN_SUSPICIOUS_MOVE = YES;
				CLANG_WARN_UNREACHABLE_CODE = YES;
				CLANG_WARN__DUPLICATE_METHOD_MATCH = YES;
				CODE_SIGN_IDENTITY = "-";
				COPY_PHASE_STRIP = NO;
				DEBUG_INFORMATION_FORMAT = "dwarf-with-dsym";
				ENABLE_NS_ASSERTIONS = NO;
				ENABLE_STRICT_OBJC_MSGSEND = YES;
				GCC_C_LANGUAGE_STANDARD = gnu99;
				GCC_NO_COMMON_BLOCKS = YES;
				GCC_WARN_64_TO_32_BIT_CONVERSION = YES;
				GCC_WARN_ABOUT_RETURN_TYPE = YES_ERROR;
				GCC_WARN_UNDECLARED_SELECTOR = YES;
				GCC_WARN_UNINITIALIZED_AUTOS = YES_AGGRESSIVE;
				GCC_WARN_UNUSED_FUNCTION = YES;
				GCC_WARN_UNUSED_VARIABLE = YES;
				MACOSX_DEPLOYMENT_TARGET = 10.11;
				MTL_ENABLE_DEBUG_INFO = NO;
				SDKROOT = macosx;
				SWIFT_OPTIMIZATION_LEVEL = "-Owholemodule";
			};
			name = Release;
		};
		9B601AF61B5ACE9A008C2BDA /* Debug */ = {
			isa = XCBuildConfiguration;
			buildSettings = {
				COMBINE_HIDPI_IMAGES = YES;
				INFOPLIST_FILE = "NSData+CompressionTests/DummyApp/Info.plist";
				LD_RUNPATH_SEARCH_PATHS = "$(inherited) @executable_path/../Frameworks";
				PRODUCT_BUNDLE_IDENTIFIER = "leemorgan.NSData-Compression";
				PRODUCT_NAME = "$(TARGET_NAME)";
				SWIFT_INCLUDE_PATHS = "";
				SWIFT_VERSION = 3.0;
			};
			name = Debug;
		};
		9B601AF71B5ACE9A008C2BDA /* Release */ = {
			isa = XCBuildConfiguration;
			buildSettings = {
				COMBINE_HIDPI_IMAGES = YES;
				INFOPLIST_FILE = "NSData+CompressionTests/DummyApp/Info.plist";
				LD_RUNPATH_SEARCH_PATHS = "$(inherited) @executable_path/../Frameworks";
				PRODUCT_BUNDLE_IDENTIFIER = "leemorgan.NSData-Compression";
				PRODUCT_NAME = "$(TARGET_NAME)";
				SWIFT_INCLUDE_PATHS = "";
				SWIFT_VERSION = 3.0;
			};
			name = Release;
		};
		9B601AF91B5ACE9A008C2BDA /* Debug */ = {
			isa = XCBuildConfiguration;
			buildSettings = {
				BUNDLE_LOADER = "$(TEST_HOST)";
				COMBINE_HIDPI_IMAGES = YES;
				INFOPLIST_FILE = "NSData+CompressionTests/Info.plist";
				LD_RUNPATH_SEARCH_PATHS = "$(inherited) @executable_path/../Frameworks @loader_path/../Frameworks";
				PRODUCT_BUNDLE_IDENTIFIER = "leemorgan.NSData-CompressionTests";
				PRODUCT_NAME = "$(TARGET_NAME)";
				SWIFT_VERSION = 3.0;
				TEST_HOST = "$(BUILT_PRODUCTS_DIR)/Data+Compression.app/Contents/MacOS/Data+Compression";
			};
			name = Debug;
		};
		9B601AFA1B5ACE9A008C2BDA /* Release */ = {
			isa = XCBuildConfiguration;
			buildSettings = {
				BUNDLE_LOADER = "$(TEST_HOST)";
				COMBINE_HIDPI_IMAGES = YES;
				INFOPLIST_FILE = "NSData+CompressionTests/Info.plist";
				LD_RUNPATH_SEARCH_PATHS = "$(inherited) @executable_path/../Frameworks @loader_path/../Frameworks";
				PRODUCT_BUNDLE_IDENTIFIER = "leemorgan.NSData-CompressionTests";
				PRODUCT_NAME = "$(TARGET_NAME)";
				SWIFT_VERSION = 3.0;
				TEST_HOST = "$(BUILT_PRODUCTS_DIR)/Data+Compression.app/Contents/MacOS/Data+Compression";
			};
			name = Release;
		};
/* End XCBuildConfiguration section */

/* Begin XCConfigurationList section */
		9B601AD81B5ACE9A008C2BDA /* Build configuration list for PBXProject "Data+Compression" */ = {
			isa = XCConfigurationList;
			buildConfigurations = (
				9B601AF31B5ACE9A008C2BDA /* Debug */,
				9B601AF41B5ACE9A008C2BDA /* Release */,
			);
			defaultConfigurationIsVisible = 0;
			defaultConfigurationName = Release;
		};
		9B601AF51B5ACE9A008C2BDA /* Build configuration list for PBXNativeTarget "Data+Compression" */ = {
			isa = XCConfigurationList;
			buildConfigurations = (
				9B601AF61B5ACE9A008C2BDA /* Debug */,
				9B601AF71B5ACE9A008C2BDA /* Release */,
			);
			defaultConfigurationIsVisible = 0;
			defaultConfigurationName = Release;
		};
		9B601AF81B5ACE9A008C2BDA /* Build configuration list for PBXNativeTarget "Data+CompressionTests" */ = {
			isa = XCConfigurationList;
			buildConfigurations = (
				9B601AF91B5ACE9A008C2BDA /* Debug */,
				9B601AFA1B5ACE9A008C2BDA /* Release */,
			);
			defaultConfigurationIsVisible = 0;
			defaultConfigurationName = Release;
		};
/* End XCConfigurationList section */
	};
	rootObject = 9B601AD51B5ACE9A008C2BDA /* Project object */;
}
